
Microsoft Visual Studio Solution File, Format Version 12.00
# Visual Studio 2013
VisualStudioVersion = 12.0.21005.1
MinimumVisualStudioVersion = 10.0.40219.1
Project("{FAE04EC0-301F-11D3-BF4B-00C04F79EFBC}") = "ConsoleApplication1", "ConsoleApplication1\ConsoleApplication1.csproj", "{E5360E4F-7AF2-484F-9AC1-20E7A7D3CC46}"
EndProject
Project("{FAE04EC0-301F-11D3-BF4B-00C04F79EFBC}") = "UnitTestProject1", "UnitTestProject1\UnitTestProject1.csproj", "{9B19B245-7EF0-4873-ACD5-B4D7BB208EAB}"
EndProject
Project("{FAE04EC0-301F-11D3-BF4B-00C04F79EFBC}") = "ConsoleApplication2", "ConsoleApplication2\ConsoleApplication2.csproj", "{2475AB39-E706-4A49-8FBA-ED8F1B7A3F45}"
EndProject
Project("{FAE04EC0-301F-11D3-BF4B-00C04F79EFBC}") = "UnitTest2", "UnitTest2\UnitTest2.csproj", "{1418CE06-80AA-4B08-BB4F-BD3555F81ADB}"
EndProject
Global
	GlobalSection(SolutionConfigurationPlatforms) = preSolution
		Debug|Any CPU = Debug|Any CPU
		Release|Any CPU = Release|Any CPU
	EndGlobalSection
	GlobalSection(ProjectConfigurationPlatforms) = postSolution
		{E5360E4F-7AF2-484F-9AC1-20E7A7D3CC46}.Debug|Any CPU.ActiveCfg = Debug|Any CPU
		{E5360E4F-7AF2-484F-9AC1-20E7A7D3CC46}.Debug|Any CPU.Build.0 = Debug|Any CPU
		{E5360E4F-7AF2-484F-9AC1-20E7A7D3CC46}.Release|Any CPU.ActiveCfg = Release|Any CPU
		{E5360E4F-7AF2-484F-9AC1-20E7A7D3CC46}.Release|Any CPU.Build.0 = Release|Any CPU
		{9B19B245-7EF0-4873-ACD5-B4D7BB208EAB}.Debug|Any CPU.ActiveCfg = Debug|Any CPU
		{9B19B245-7EF0-4873-ACD5-B4D7BB208EAB}.Debug|Any CPU.Build.0 = Debug|Any CPU
		{9B19B245-7EF0-4873-ACD5-B4D7BB208EAB}.Release|Any CPU.ActiveCfg = Release|Any CPU
		{9B19B245-7EF0-4873-ACD5-B4D7BB208EAB}.Release|Any CPU.Build.0 = Release|Any CPU
		{2475AB39-E706-4A49-8FBA-ED8F1B7A3F45}.Debug|Any CPU.ActiveCfg = Debug|Any CPU
		{2475AB39-E706-4A49-8FBA-ED8F1B7A3F45}.Debug|Any CPU.Build.0 = Debug|Any CPU
		{2475AB39-E706-4A49-8FBA-ED8F1B7A3F45}.Release|Any CPU.ActiveCfg = Release|Any CPU
		{2475AB39-E706-4A49-8FBA-ED8F1B7A3F45}.Release|Any CPU.Build.0 = Release|Any CPU
		{1418CE06-80AA-4B08-BB4F-BD3555F81ADB}.Debug|Any CPU.ActiveCfg = Debug|Any CPU
		{1418CE06-80AA-4B08-BB4F-BD3555F81ADB}.Debug|Any CPU.Build.0 = Debug|Any CPU
		{1418CE06-80AA-4B08-BB4F-BD3555F81ADB}.Release|Any CPU.ActiveCfg = Release|Any CPU
		{1418CE06-80AA-4B08-BB4F-BD3555F81ADB}.Release|Any CPU.Build.0 = Release|Any CPU
	EndGlobalSection
	GlobalSection(SolutionProperties) = preSolution
		HideSolutionNode = FALSE
	EndGlobalSection
EndGlobal
